
Microsoft Visual Studio Solution File, Format Version 12.00
# Visual Studio 15
VisualStudioVersion = 15.0.26430.15
MinimumVisualStudioVersion = 10.0.40219.1
Project("{2150E333-8FDC-42A3-9474-1A3956D46DE8}") = "Solution Items", "Solution Items", "{4673FCF3-05A1-4424-AEC3-B9B823342CC9}"
	ProjectSection(SolutionItems) = preProject
		LICENSE.md = LICENSE.md
		nuspec\nuget.exe = nuspec\nuget.exe
		nuspec\pack.cmd = nuspec\pack.cmd
		nuspec\Plugin.SpeechDialogs.nuspec = nuspec\Plugin.SpeechDialogs.nuspec
		nuspec\Plugin.SpeechRecognition.nuspec = nuspec\Plugin.SpeechRecognition.nuspec
		nuspec\push.cmd = nuspec\push.cmd
		readme.md = readme.md
		CHANGELOG.md = CHANGELOG.md
	EndProjectSection
EndProject
Project("{FAE04EC0-301F-11D3-BF4B-00C04F79EFBC}") = "Samples.Droid", "Samples\Samples.Droid\Samples.Droid.csproj", "{F7542E7F-BDEB-46A9-81B0-69A077A9C988}"
EndProject
Project("{FAE04EC0-301F-11D3-BF4B-00C04F79EFBC}") = "Samples.iOS", "Samples\Samples.iOS\Samples.iOS.csproj", "{495F05B1-E18B-4966-864D-E0CB57A84DA7}"
EndProject
Project("{2150E333-8FDC-42A3-9474-1A3956D46DE8}") = "lib", "lib", "{AE5515C4-8262-49BE-9AC1-9AE669480548}"
EndProject
Project("{FAE04EC0-301F-11D3-BF4B-00C04F79EFBC}") = "Plugin.SpeechRecognition.Abstractions", "Plugin.SpeechRecognition.Abstractions\Plugin.SpeechRecognition.Abstractions.csproj", "{2CE7418B-B8FD-4271-AB90-3045532D7089}"
EndProject
Project("{FAE04EC0-301F-11D3-BF4B-00C04F79EFBC}") = "Plugin.SpeechRecognition", "Plugin.SpeechRecognition\Plugin.SpeechRecognition.csproj", "{01B5CFBC-1341-43F7-BABB-C18FE39053B8}"
EndProject
Project("{FAE04EC0-301F-11D3-BF4B-00C04F79EFBC}") = "Plugin.SpeechRecognition.iOS", "Plugin.SpeechRecognition.iOS\Plugin.SpeechRecognition.iOS.csproj", "{BB799DB7-D14D-4F23-BD8D-AAD604382A08}"
EndProject
Project("{FAE04EC0-301F-11D3-BF4B-00C04F79EFBC}") = "Plugin.SpeechRecognition.Android", "Plugin.SpeechRecognition.Android\Plugin.SpeechRecognition.Android.csproj", "{4E1DFA5B-2147-40C3-BC37-CC5E879BED9A}"
EndProject
Project("{D954291E-2A0B-460D-934E-DC6B0785DB48}") = "Plugin.SpeechRecognition.Shared", "Plugin.SpeechRecognition.Shared\Plugin.SpeechRecognition.Shared.shproj", "{0F81BA4F-9C52-47EB-B35A-031492A355C3}"
EndProject
Project("{FAE04EC0-301F-11D3-BF4B-00C04F79EFBC}") = "Plugin.SpeechDialogs", "Plugin.SpeechDialogs\Plugin.SpeechDialogs.csproj", "{BC042610-FD46-4B2F-A5DC-7E9660428029}"
EndProject
Project("{FAE04EC0-301F-11D3-BF4B-00C04F79EFBC}") = "Samples.Core", "Samples.Core\Samples.Core.csproj", "{5EE32D28-ABF7-462D-A8B2-5EA14DED6762}"
EndProject
Global
	GlobalSection(SharedMSBuildProjectFiles) = preSolution
		Plugin.SpeechRecognition.Shared\Plugin.SpeechRecognition.Shared.projitems*{0f81ba4f-9c52-47eb-b35a-031492a355c3}*SharedItemsImports = 13
		Plugin.SpeechRecognition.Shared\Plugin.SpeechRecognition.Shared.projitems*{4e1dfa5b-2147-40c3-bc37-cc5e879bed9a}*SharedItemsImports = 4
		Plugin.SpeechRecognition.Shared\Plugin.SpeechRecognition.Shared.projitems*{80f032b3-c668-41d4-b5d7-c130a91202d2}*SharedItemsImports = 4
		Plugin.SpeechRecognition.Shared\Plugin.SpeechRecognition.Shared.projitems*{8a0fc475-221d-4fe0-8308-3f703dc08f52}*SharedItemsImports = 4
		Plugin.SpeechRecognition.Shared\Plugin.SpeechRecognition.Shared.projitems*{bb799db7-d14d-4f23-bd8d-aad604382a08}*SharedItemsImports = 4
	EndGlobalSection
	GlobalSection(SolutionConfigurationPlatforms) = preSolution
		Ad-Hoc|Any CPU = Ad-Hoc|Any CPU
		Ad-Hoc|ARM = Ad-Hoc|ARM
		Ad-Hoc|iPhone = Ad-Hoc|iPhone
		Ad-Hoc|iPhoneSimulator = Ad-Hoc|iPhoneSimulator
		Ad-Hoc|x64 = Ad-Hoc|x64
		Ad-Hoc|x86 = Ad-Hoc|x86
		AppStore|Any CPU = AppStore|Any CPU
		AppStore|ARM = AppStore|ARM
		AppStore|iPhone = AppStore|iPhone
		AppStore|iPhoneSimulator = AppStore|iPhoneSimulator
		AppStore|x64 = AppStore|x64
		AppStore|x86 = AppStore|x86
		Debug|Any CPU = Debug|Any CPU
		Debug|ARM = Debug|ARM
		Debug|iPhone = Debug|iPhone
		Debug|iPhoneSimulator = Debug|iPhoneSimulator
		Debug|x64 = Debug|x64
		Debug|x86 = Debug|x86
		Release|Any CPU = Release|Any CPU
		Release|ARM = Release|ARM
		Release|iPhone = Release|iPhone
		Release|iPhoneSimulator = Release|iPhoneSimulator
		Release|x64 = Release|x64
		Release|x86 = Release|x86
	EndGlobalSection
	GlobalSection(ProjectConfigurationPlatforms) = postSolution
		{F7542E7F-BDEB-46A9-81B0-69A077A9C988}.Ad-Hoc|Any CPU.ActiveCfg = Release|Any CPU
		{F7542E7F-BDEB-46A9-81B0-69A077A9C988}.Ad-Hoc|Any CPU.Build.0 = Release|Any CPU
		{F7542E7F-BDEB-46A9-81B0-69A077A9C988}.Ad-Hoc|Any CPU.Deploy.0 = Release|Any CPU
		{F7542E7F-BDEB-46A9-81B0-69A077A9C988}.Ad-Hoc|ARM.ActiveCfg = Release|Any CPU
		{F7542E7F-BDEB-46A9-81B0-69A077A9C988}.Ad-Hoc|ARM.Build.0 = Release|Any CPU
		{F7542E7F-BDEB-46A9-81B0-69A077A9C988}.Ad-Hoc|ARM.Deploy.0 = Release|Any CPU
		{F7542E7F-BDEB-46A9-81B0-69A077A9C988}.Ad-Hoc|iPhone.ActiveCfg = Release|Any CPU
		{F7542E7F-BDEB-46A9-81B0-69A077A9C988}.Ad-Hoc|iPhone.Build.0 = Release|Any CPU
		{F7542E7F-BDEB-46A9-81B0-69A077A9C988}.Ad-Hoc|iPhone.Deploy.0 = Release|Any CPU
		{F7542E7F-BDEB-46A9-81B0-69A077A9C988}.Ad-Hoc|iPhoneSimulator.ActiveCfg = Release|Any CPU
		{F7542E7F-BDEB-46A9-81B0-69A077A9C988}.Ad-Hoc|iPhoneSimulator.Build.0 = Release|Any CPU
		{F7542E7F-BDEB-46A9-81B0-69A077A9C988}.Ad-Hoc|iPhoneSimulator.Deploy.0 = Release|Any CPU
		{F7542E7F-BDEB-46A9-81B0-69A077A9C988}.Ad-Hoc|x64.ActiveCfg = Release|Any CPU
		{F7542E7F-BDEB-46A9-81B0-69A077A9C988}.Ad-Hoc|x64.Build.0 = Release|Any CPU
		{F7542E7F-BDEB-46A9-81B0-69A077A9C988}.Ad-Hoc|x64.Deploy.0 = Release|Any CPU
		{F7542E7F-BDEB-46A9-81B0-69A077A9C988}.Ad-Hoc|x86.ActiveCfg = Release|Any CPU
		{F7542E7F-BDEB-46A9-81B0-69A077A9C988}.Ad-Hoc|x86.Build.0 = Release|Any CPU
		{F7542E7F-BDEB-46A9-81B0-69A077A9C988}.Ad-Hoc|x86.Deploy.0 = Release|Any CPU
		{F7542E7F-BDEB-46A9-81B0-69A077A9C988}.AppStore|Any CPU.ActiveCfg = Release|Any CPU
		{F7542E7F-BDEB-46A9-81B0-69A077A9C988}.AppStore|Any CPU.Build.0 = Release|Any CPU
		{F7542E7F-BDEB-46A9-81B0-69A077A9C988}.AppStore|Any CPU.Deploy.0 = Release|Any CPU
		{F7542E7F-BDEB-46A9-81B0-69A077A9C988}.AppStore|ARM.ActiveCfg = Release|Any CPU
		{F7542E7F-BDEB-46A9-81B0-69A077A9C988}.AppStore|ARM.Build.0 = Release|Any CPU
		{F7542E7F-BDEB-46A9-81B0-69A077A9C988}.AppStore|ARM.Deploy.0 = Release|Any CPU
		{F7542E7F-BDEB-46A9-81B0-69A077A9C988}.AppStore|iPhone.ActiveCfg = Release|Any CPU
		{F7542E7F-BDEB-46A9-81B0-69A077A9C988}.AppStore|iPhone.Build.0 = Release|Any CPU
		{F7542E7F-BDEB-46A9-81B0-69A077A9C988}.AppStore|iPhone.Deploy.0 = Release|Any CPU
		{F7542E7F-BDEB-46A9-81B0-69A077A9C988}.AppStore|iPhoneSimulator.ActiveCfg = Release|Any CPU
		{F7542E7F-BDEB-46A9-81B0-69A077A9C988}.AppStore|iPhoneSimulator.Build.0 = Release|Any CPU
		{F7542E7F-BDEB-46A9-81B0-69A077A9C988}.AppStore|iPhoneSimulator.Deploy.0 = Release|Any CPU
		{F7542E7F-BDEB-46A9-81B0-69A077A9C988}.AppStore|x64.ActiveCfg = Release|Any CPU
		{F7542E7F-BDEB-46A9-81B0-69A077A9C988}.AppStore|x64.Build.0 = Release|Any CPU
		{F7542E7F-BDEB-46A9-81B0-69A077A9C988}.AppStore|x64.Deploy.0 = Release|Any CPU
		{F7542E7F-BDEB-46A9-81B0-69A077A9C988}.AppStore|x86.ActiveCfg = Release|Any CPU
		{F7542E7F-BDEB-46A9-81B0-69A077A9C988}.AppStore|x86.Build.0 = Release|Any CPU
		{F7542E7F-BDEB-46A9-81B0-69A077A9C988}.AppStore|x86.Deploy.0 = Release|Any CPU
		{F7542E7F-BDEB-46A9-81B0-69A077A9C988}.Debug|Any CPU.ActiveCfg = Debug|Any CPU
		{F7542E7F-BDEB-46A9-81B0-69A077A9C988}.Debug|Any CPU.Build.0 = Debug|Any CPU
		{F7542E7F-BDEB-46A9-81B0-69A077A9C988}.Debug|Any CPU.Deploy.0 = Debug|Any CPU
		{F7542E7F-BDEB-46A9-81B0-69A077A9C988}.Debug|ARM.ActiveCfg = Debug|Any CPU
		{F7542E7F-BDEB-46A9-81B0-69A077A9C988}.Debug|ARM.Build.0 = Debug|Any CPU
		{F7542E7F-BDEB-46A9-81B0-69A077A9C988}.Debug|ARM.Deploy.0 = Debug|Any CPU
		{F7542E7F-BDEB-46A9-81B0-69A077A9C988}.Debug|iPhone.ActiveCfg = Debug|Any CPU
		{F7542E7F-BDEB-46A9-81B0-69A077A9C988}.Debug|iPhone.Build.0 = Debug|Any CPU
		{F7542E7F-BDEB-46A9-81B0-69A077A9C988}.Debug|iPhone.Deploy.0 = Debug|Any CPU
		{F7542E7F-BDEB-46A9-81B0-69A077A9C988}.Debug|iPhoneSimulator.ActiveCfg = Debug|Any CPU
		{F7542E7F-BDEB-46A9-81B0-69A077A9C988}.Debug|iPhoneSimulator.Build.0 = Debug|Any CPU
		{F7542E7F-BDEB-46A9-81B0-69A077A9C988}.Debug|iPhoneSimulator.Deploy.0 = Debug|Any CPU
		{F7542E7F-BDEB-46A9-81B0-69A077A9C988}.Debug|x64.ActiveCfg = Debug|Any CPU
		{F7542E7F-BDEB-46A9-81B0-69A077A9C988}.Debug|x64.Build.0 = Debug|Any CPU
		{F7542E7F-BDEB-46A9-81B0-69A077A9C988}.Debug|x64.Deploy.0 = Debug|Any CPU
		{F7542E7F-BDEB-46A9-81B0-69A077A9C988}.Debug|x86.ActiveCfg = Debug|Any CPU
		{F7542E7F-BDEB-46A9-81B0-69A077A9C988}.Debug|x86.Build.0 = Debug|Any CPU
		{F7542E7F-BDEB-46A9-81B0-69A077A9C988}.Debug|x86.Deploy.0 = Debug|Any CPU
		{F7542E7F-BDEB-46A9-81B0-69A077A9C988}.Release|Any CPU.ActiveCfg = Release|Any CPU
		{F7542E7F-BDEB-46A9-81B0-69A077A9C988}.Release|Any CPU.Build.0 = Release|Any CPU
		{F7542E7F-BDEB-46A9-81B0-69A077A9C988}.Release|Any CPU.Deploy.0 = Release|Any CPU
		{F7542E7F-BDEB-46A9-81B0-69A077A9C988}.Release|ARM.ActiveCfg = Release|Any CPU
		{F7542E7F-BDEB-46A9-81B0-69A077A9C988}.Release|ARM.Build.0 = Release|Any CPU
		{F7542E7F-BDEB-46A9-81B0-69A077A9C988}.Release|ARM.Deploy.0 = Release|Any CPU
		{F7542E7F-BDEB-46A9-81B0-69A077A9C988}.Release|iPhone.ActiveCfg = Release|Any CPU
		{F7542E7F-BDEB-46A9-81B0-69A077A9C988}.Release|iPhone.Build.0 = Release|Any CPU
		{F7542E7F-BDEB-46A9-81B0-69A077A9C988}.Release|iPhone.Deploy.0 = Release|Any CPU
		{F7542E7F-BDEB-46A9-81B0-69A077A9C988}.Release|iPhoneSimulator.ActiveCfg = Release|Any CPU
		{F7542E7F-BDEB-46A9-81B0-69A077A9C988}.Release|iPhoneSimulator.Build.0 = Release|Any CPU
		{F7542E7F-BDEB-46A9-81B0-69A077A9C988}.Release|iPhoneSimulator.Deploy.0 = Release|Any CPU
		{F7542E7F-BDEB-46A9-81B0-69A077A9C988}.Release|x64.ActiveCfg = Release|Any CPU
		{F7542E7F-BDEB-46A9-81B0-69A077A9C988}.Release|x64.Build.0 = Release|Any CPU
		{F7542E7F-BDEB-46A9-81B0-69A077A9C988}.Release|x64.Deploy.0 = Release|Any CPU
		{F7542E7F-BDEB-46A9-81B0-69A077A9C988}.Release|x86.ActiveCfg = Release|Any CPU
		{F7542E7F-BDEB-46A9-81B0-69A077A9C988}.Release|x86.Build.0 = Release|Any CPU
		{F7542E7F-BDEB-46A9-81B0-69A077A9C988}.Release|x86.Deploy.0 = Release|Any CPU
		{495F05B1-E18B-4966-864D-E0CB57A84DA7}.Ad-Hoc|Any CPU.ActiveCfg = Ad-Hoc|iPhone
		{495F05B1-E18B-4966-864D-E0CB57A84DA7}.Ad-Hoc|ARM.ActiveCfg = Ad-Hoc|iPhone
		{495F05B1-E18B-4966-864D-E0CB57A84DA7}.Ad-Hoc|iPhone.ActiveCfg = Ad-Hoc|iPhone
		{495F05B1-E18B-4966-864D-E0CB57A84DA7}.Ad-Hoc|iPhone.Build.0 = Ad-Hoc|iPhone
		{495F05B1-E18B-4966-864D-E0CB57A84DA7}.Ad-Hoc|iPhoneSimulator.ActiveCfg = Ad-Hoc|iPhoneSimulator
		{495F05B1-E18B-4966-864D-E0CB57A84DA7}.Ad-Hoc|iPhoneSimulator.Build.0 = Ad-Hoc|iPhoneSimulator
		{495F05B1-E18B-4966-864D-E0CB57A84DA7}.Ad-Hoc|x64.ActiveCfg = Ad-Hoc|iPhone
		{495F05B1-E18B-4966-864D-E0CB57A84DA7}.Ad-Hoc|x86.ActiveCfg = Ad-Hoc|iPhone
		{495F05B1-E18B-4966-864D-E0CB57A84DA7}.AppStore|Any CPU.ActiveCfg = AppStore|iPhone
		{495F05B1-E18B-4966-864D-E0CB57A84DA7}.AppStore|ARM.ActiveCfg = AppStore|iPhone
		{495F05B1-E18B-4966-864D-E0CB57A84DA7}.AppStore|iPhone.ActiveCfg = AppStore|iPhone
		{495F05B1-E18B-4966-864D-E0CB57A84DA7}.AppStore|iPhone.Build.0 = AppStore|iPhone
		{495F05B1-E18B-4966-864D-E0CB57A84DA7}.AppStore|iPhoneSimulator.ActiveCfg = AppStore|iPhoneSimulator
		{495F05B1-E18B-4966-864D-E0CB57A84DA7}.AppStore|iPhoneSimulator.Build.0 = AppStore|iPhoneSimulator
		{495F05B1-E18B-4966-864D-E0CB57A84DA7}.AppStore|x64.ActiveCfg = AppStore|iPhone
		{495F05B1-E18B-4966-864D-E0CB57A84DA7}.AppStore|x86.ActiveCfg = AppStore|iPhone
		{495F05B1-E18B-4966-864D-E0CB57A84DA7}.Debug|Any CPU.ActiveCfg = Debug|iPhone
		{495F05B1-E18B-4966-864D-E0CB57A84DA7}.Debug|ARM.ActiveCfg = Debug|iPhone
		{495F05B1-E18B-4966-864D-E0CB57A84DA7}.Debug|iPhone.ActiveCfg = Debug|iPhone
		{495F05B1-E18B-4966-864D-E0CB57A84DA7}.Debug|iPhone.Build.0 = Debug|iPhone
		{495F05B1-E18B-4966-864D-E0CB57A84DA7}.Debug|iPhoneSimulator.ActiveCfg = Debug|iPhoneSimulator
		{495F05B1-E18B-4966-864D-E0CB57A84DA7}.Debug|iPhoneSimulator.Build.0 = Debug|iPhoneSimulator
		{495F05B1-E18B-4966-864D-E0CB57A84DA7}.Debug|x64.ActiveCfg = Debug|iPhone
		{495F05B1-E18B-4966-864D-E0CB57A84DA7}.Debug|x86.ActiveCfg = Debug|iPhone
		{495F05B1-E18B-4966-864D-E0CB57A84DA7}.Release|Any CPU.ActiveCfg = Release|iPhone
		{495F05B1-E18B-4966-864D-E0CB57A84DA7}.Release|ARM.ActiveCfg = Release|iPhone
		{495F05B1-E18B-4966-864D-E0CB57A84DA7}.Release|iPhone.ActiveCfg = Release|iPhone
		{495F05B1-E18B-4966-864D-E0CB57A84DA7}.Release|iPhone.Build.0 = Release|iPhone
		{495F05B1-E18B-4966-864D-E0CB57A84DA7}.Release|iPhoneSimulator.ActiveCfg = Release|iPhoneSimulator
		{495F05B1-E18B-4966-864D-E0CB57A84DA7}.Release|iPhoneSimulator.Build.0 = Release|iPhoneSimulator
		{495F05B1-E18B-4966-864D-E0CB57A84DA7}.Release|x64.ActiveCfg = Release|iPhone
		{495F05B1-E18B-4966-864D-E0CB57A84DA7}.Release|x86.ActiveCfg = Release|iPhone
		{2CE7418B-B8FD-4271-AB90-3045532D7089}.Ad-Hoc|Any CPU.ActiveCfg = Debug|Any CPU
		{2CE7418B-B8FD-4271-AB90-3045532D7089}.Ad-Hoc|Any CPU.Build.0 = Debug|Any CPU
		{2CE7418B-B8FD-4271-AB90-3045532D7089}.Ad-Hoc|ARM.ActiveCfg = Debug|Any CPU
		{2CE7418B-B8FD-4271-AB90-3045532D7089}.Ad-Hoc|ARM.Build.0 = Debug|Any CPU
		{2CE7418B-B8FD-4271-AB90-3045532D7089}.Ad-Hoc|iPhone.ActiveCfg = Debug|Any CPU
		{2CE7418B-B8FD-4271-AB90-3045532D7089}.Ad-Hoc|iPhone.Build.0 = Debug|Any CPU
		{2CE7418B-B8FD-4271-AB90-3045532D7089}.Ad-Hoc|iPhoneSimulator.ActiveCfg = Debug|Any CPU
		{2CE7418B-B8FD-4271-AB90-3045532D7089}.Ad-Hoc|iPhoneSimulator.Build.0 = Debug|Any CPU
		{2CE7418B-B8FD-4271-AB90-3045532D7089}.Ad-Hoc|x64.ActiveCfg = Debug|Any CPU
		{2CE7418B-B8FD-4271-AB90-3045532D7089}.Ad-Hoc|x64.Build.0 = Debug|Any CPU
		{2CE7418B-B8FD-4271-AB90-3045532D7089}.Ad-Hoc|x86.ActiveCfg = Debug|Any CPU
		{2CE7418B-B8FD-4271-AB90-3045532D7089}.Ad-Hoc|x86.Build.0 = Debug|Any CPU
		{2CE7418B-B8FD-4271-AB90-3045532D7089}.AppStore|Any CPU.ActiveCfg = Debug|Any CPU
		{2CE7418B-B8FD-4271-AB90-3045532D7089}.AppStore|Any CPU.Build.0 = Debug|Any CPU
		{2CE7418B-B8FD-4271-AB90-3045532D7089}.AppStore|ARM.ActiveCfg = Debug|Any CPU
		{2CE7418B-B8FD-4271-AB90-3045532D7089}.AppStore|ARM.Build.0 = Debug|Any CPU
		{2CE7418B-B8FD-4271-AB90-3045532D7089}.AppStore|iPhone.ActiveCfg = Debug|Any CPU
		{2CE7418B-B8FD-4271-AB90-3045532D7089}.AppStore|iPhone.Build.0 = Debug|Any CPU
		{2CE7418B-B8FD-4271-AB90-3045532D7089}.AppStore|iPhoneSimulator.ActiveCfg = Debug|Any CPU
		{2CE7418B-B8FD-4271-AB90-3045532D7089}.AppStore|iPhoneSimulator.Build.0 = Debug|Any CPU
		{2CE7418B-B8FD-4271-AB90-3045532D7089}.AppStore|x64.ActiveCfg = Debug|Any CPU
		{2CE7418B-B8FD-4271-AB90-3045532D7089}.AppStore|x64.Build.0 = Debug|Any CPU
		{2CE7418B-B8FD-4271-AB90-3045532D7089}.AppStore|x86.ActiveCfg = Debug|Any CPU
		{2CE7418B-B8FD-4271-AB90-3045532D7089}.AppStore|x86.Build.0 = Debug|Any CPU
		{2CE7418B-B8FD-4271-AB90-3045532D7089}.Debug|Any CPU.ActiveCfg = Debug|Any CPU
		{2CE7418B-B8FD-4271-AB90-3045532D7089}.Debug|Any CPU.Build.0 = Debug|Any CPU
		{2CE7418B-B8FD-4271-AB90-3045532D7089}.Debug|ARM.ActiveCfg = Debug|Any CPU
		{2CE7418B-B8FD-4271-AB90-3045532D7089}.Debug|ARM.Build.0 = Debug|Any CPU
		{2CE7418B-B8FD-4271-AB90-3045532D7089}.Debug|iPhone.ActiveCfg = Debug|Any CPU
		{2CE7418B-B8FD-4271-AB90-3045532D7089}.Debug|iPhone.Build.0 = Debug|Any CPU
		{2CE7418B-B8FD-4271-AB90-3045532D7089}.Debug|iPhoneSimulator.ActiveCfg = Debug|Any CPU
		{2CE7418B-B8FD-4271-AB90-3045532D7089}.Debug|iPhoneSimulator.Build.0 = Debug|Any CPU
		{2CE7418B-B8FD-4271-AB90-3045532D7089}.Debug|x64.ActiveCfg = Debug|Any CPU
		{2CE7418B-B8FD-4271-AB90-3045532D7089}.Debug|x64.Build.0 = Debug|Any CPU
		{2CE7418B-B8FD-4271-AB90-3045532D7089}.Debug|x86.ActiveCfg = Debug|Any CPU
		{2CE7418B-B8FD-4271-AB90-3045532D7089}.Debug|x86.Build.0 = Debug|Any CPU
		{2CE7418B-B8FD-4271-AB90-3045532D7089}.Release|Any CPU.ActiveCfg = Release|Any CPU
		{2CE7418B-B8FD-4271-AB90-3045532D7089}.Release|Any CPU.Build.0 = Release|Any CPU
		{2CE7418B-B8FD-4271-AB90-3045532D7089}.Release|ARM.ActiveCfg = Release|Any CPU
		{2CE7418B-B8FD-4271-AB90-3045532D7089}.Release|ARM.Build.0 = Release|Any CPU
		{2CE7418B-B8FD-4271-AB90-3045532D7089}.Release|iPhone.ActiveCfg = Release|Any CPU
		{2CE7418B-B8FD-4271-AB90-3045532D7089}.Release|iPhone.Build.0 = Release|Any CPU
		{2CE7418B-B8FD-4271-AB90-3045532D7089}.Release|iPhoneSimulator.ActiveCfg = Release|Any CPU
		{2CE7418B-B8FD-4271-AB90-3045532D7089}.Release|iPhoneSimulator.Build.0 = Release|Any CPU
		{2CE7418B-B8FD-4271-AB90-3045532D7089}.Release|x64.ActiveCfg = Release|Any CPU
		{2CE7418B-B8FD-4271-AB90-3045532D7089}.Release|x64.Build.0 = Release|Any CPU
		{2CE7418B-B8FD-4271-AB90-3045532D7089}.Release|x86.ActiveCfg = Release|Any CPU
		{2CE7418B-B8FD-4271-AB90-3045532D7089}.Release|x86.Build.0 = Release|Any CPU
		{01B5CFBC-1341-43F7-BABB-C18FE39053B8}.Ad-Hoc|Any CPU.ActiveCfg = Debug|Any CPU
		{01B5CFBC-1341-43F7-BABB-C18FE39053B8}.Ad-Hoc|Any CPU.Build.0 = Debug|Any CPU
		{01B5CFBC-1341-43F7-BABB-C18FE39053B8}.Ad-Hoc|ARM.ActiveCfg = Debug|Any CPU
		{01B5CFBC-1341-43F7-BABB-C18FE39053B8}.Ad-Hoc|ARM.Build.0 = Debug|Any CPU
		{01B5CFBC-1341-43F7-BABB-C18FE39053B8}.Ad-Hoc|iPhone.ActiveCfg = Debug|Any CPU
		{01B5CFBC-1341-43F7-BABB-C18FE39053B8}.Ad-Hoc|iPhone.Build.0 = Debug|Any CPU
		{01B5CFBC-1341-43F7-BABB-C18FE39053B8}.Ad-Hoc|iPhoneSimulator.ActiveCfg = Debug|Any CPU
		{01B5CFBC-1341-43F7-BABB-C18FE39053B8}.Ad-Hoc|iPhoneSimulator.Build.0 = Debug|Any CPU
		{01B5CFBC-1341-43F7-BABB-C18FE39053B8}.Ad-Hoc|x64.ActiveCfg = Debug|Any CPU
		{01B5CFBC-1341-43F7-BABB-C18FE39053B8}.Ad-Hoc|x64.Build.0 = Debug|Any CPU
		{01B5CFBC-1341-43F7-BABB-C18FE39053B8}.Ad-Hoc|x86.ActiveCfg = Debug|Any CPU
		{01B5CFBC-1341-43F7-BABB-C18FE39053B8}.Ad-Hoc|x86.Build.0 = Debug|Any CPU
		{01B5CFBC-1341-43F7-BABB-C18FE39053B8}.AppStore|Any CPU.ActiveCfg = Debug|Any CPU
		{01B5CFBC-1341-43F7-BABB-C18FE39053B8}.AppStore|Any CPU.Build.0 = Debug|Any CPU
		{01B5CFBC-1341-43F7-BABB-C18FE39053B8}.AppStore|ARM.ActiveCfg = Debug|Any CPU
		{01B5CFBC-1341-43F7-BABB-C18FE39053B8}.AppStore|ARM.Build.0 = Debug|Any CPU
		{01B5CFBC-1341-43F7-BABB-C18FE39053B8}.AppStore|iPhone.ActiveCfg = Debug|Any CPU
		{01B5CFBC-1341-43F7-BABB-C18FE39053B8}.AppStore|iPhone.Build.0 = Debug|Any CPU
		{01B5CFBC-1341-43F7-BABB-C18FE39053B8}.AppStore|iPhoneSimulator.ActiveCfg = Debug|Any CPU
		{01B5CFBC-1341-43F7-BABB-C18FE39053B8}.AppStore|iPhoneSimulator.Build.0 = Debug|Any CPU
		{01B5CFBC-1341-43F7-BABB-C18FE39053B8}.AppStore|x64.ActiveCfg = Debug|Any CPU
		{01B5CFBC-1341-43F7-BABB-C18FE39053B8}.AppStore|x64.Build.0 = Debug|Any CPU
		{01B5CFBC-1341-43F7-BABB-C18FE39053B8}.AppStore|x86.ActiveCfg = Debug|Any CPU
		{01B5CFBC-1341-43F7-BABB-C18FE39053B8}.AppStore|x86.Build.0 = Debug|Any CPU
		{01B5CFBC-1341-43F7-BABB-C18FE39053B8}.Debug|Any CPU.ActiveCfg = Debug|Any CPU
		{01B5CFBC-1341-43F7-BABB-C18FE39053B8}.Debug|Any CPU.Build.0 = Debug|Any CPU
		{01B5CFBC-1341-43F7-BABB-C18FE39053B8}.Debug|ARM.ActiveCfg = Debug|Any CPU
		{01B5CFBC-1341-43F7-BABB-C18FE39053B8}.Debug|ARM.Build.0 = Debug|Any CPU
		{01B5CFBC-1341-43F7-BABB-C18FE39053B8}.Debug|iPhone.ActiveCfg = Debug|Any CPU
		{01B5CFBC-1341-43F7-BABB-C18FE39053B8}.Debug|iPhone.Build.0 = Debug|Any CPU
		{01B5CFBC-1341-43F7-BABB-C18FE39053B8}.Debug|iPhoneSimulator.ActiveCfg = Debug|Any CPU
		{01B5CFBC-1341-43F7-BABB-C18FE39053B8}.Debug|iPhoneSimulator.Build.0 = Debug|Any CPU
		{01B5CFBC-1341-43F7-BABB-C18FE39053B8}.Debug|x64.ActiveCfg = Debug|Any CPU
		{01B5CFBC-1341-43F7-BABB-C18FE39053B8}.Debug|x64.Build.0 = Debug|Any CPU
		{01B5CFBC-1341-43F7-BABB-C18FE39053B8}.Debug|x86.ActiveCfg = Debug|Any CPU
		{01B5CFBC-1341-43F7-BABB-C18FE39053B8}.Debug|x86.Build.0 = Debug|Any CPU
		{01B5CFBC-1341-43F7-BABB-C18FE39053B8}.Release|Any CPU.ActiveCfg = Release|Any CPU
		{01B5CFBC-1341-43F7-BABB-C18FE39053B8}.Release|Any CPU.Build.0 = Release|Any CPU
		{01B5CFBC-1341-43F7-BABB-C18FE39053B8}.Release|ARM.ActiveCfg = Release|Any CPU
		{01B5CFBC-1341-43F7-BABB-C18FE39053B8}.Release|ARM.Build.0 = Release|Any CPU
		{01B5CFBC-1341-43F7-BABB-C18FE39053B8}.Release|iPhone.ActiveCfg = Release|Any CPU
		{01B5CFBC-1341-43F7-BABB-C18FE39053B8}.Release|iPhone.Build.0 = Release|Any CPU
		{01B5CFBC-1341-43F7-BABB-C18FE39053B8}.Release|iPhoneSimulator.ActiveCfg = Release|Any CPU
		{01B5CFBC-1341-43F7-BABB-C18FE39053B8}.Release|iPhoneSimulator.Build.0 = Release|Any CPU
		{01B5CFBC-1341-43F7-BABB-C18FE39053B8}.Release|x64.ActiveCfg = Release|Any CPU
		{01B5CFBC-1341-43F7-BABB-C18FE39053B8}.Release|x64.Build.0 = Release|Any CPU
		{01B5CFBC-1341-43F7-BABB-C18FE39053B8}.Release|x86.ActiveCfg = Release|Any CPU
		{01B5CFBC-1341-43F7-BABB-C18FE39053B8}.Release|x86.Build.0 = Release|Any CPU
		{BB799DB7-D14D-4F23-BD8D-AAD604382A08}.Ad-Hoc|Any CPU.ActiveCfg = Release|Any CPU
		{BB799DB7-D14D-4F23-BD8D-AAD604382A08}.Ad-Hoc|Any CPU.Build.0 = Release|Any CPU
		{BB799DB7-D14D-4F23-BD8D-AAD604382A08}.Ad-Hoc|ARM.ActiveCfg = Release|Any CPU
		{BB799DB7-D14D-4F23-BD8D-AAD604382A08}.Ad-Hoc|ARM.Build.0 = Release|Any CPU
		{BB799DB7-D14D-4F23-BD8D-AAD604382A08}.Ad-Hoc|iPhone.ActiveCfg = Release|Any CPU
		{BB799DB7-D14D-4F23-BD8D-AAD604382A08}.Ad-Hoc|iPhone.Build.0 = Release|Any CPU
		{BB799DB7-D14D-4F23-BD8D-AAD604382A08}.Ad-Hoc|iPhoneSimulator.ActiveCfg = Release|Any CPU
		{BB799DB7-D14D-4F23-BD8D-AAD604382A08}.Ad-Hoc|iPhoneSimulator.Build.0 = Release|Any CPU
		{BB799DB7-D14D-4F23-BD8D-AAD604382A08}.Ad-Hoc|x64.ActiveCfg = Release|Any CPU
		{BB799DB7-D14D-4F23-BD8D-AAD604382A08}.Ad-Hoc|x64.Build.0 = Release|Any CPU
		{BB799DB7-D14D-4F23-BD8D-AAD604382A08}.Ad-Hoc|x86.ActiveCfg = Release|Any CPU
		{BB799DB7-D14D-4F23-BD8D-AAD604382A08}.Ad-Hoc|x86.Build.0 = Release|Any CPU
		{BB799DB7-D14D-4F23-BD8D-AAD604382A08}.AppStore|Any CPU.ActiveCfg = Release|Any CPU
		{BB799DB7-D14D-4F23-BD8D-AAD604382A08}.AppStore|Any CPU.Build.0 = Release|Any CPU
		{BB799DB7-D14D-4F23-BD8D-AAD604382A08}.AppStore|ARM.ActiveCfg = Release|Any CPU
		{BB799DB7-D14D-4F23-BD8D-AAD604382A08}.AppStore|ARM.Build.0 = Release|Any CPU
		{BB799DB7-D14D-4F23-BD8D-AAD604382A08}.AppStore|iPhone.ActiveCfg = Release|Any CPU
		{BB799DB7-D14D-4F23-BD8D-AAD604382A08}.AppStore|iPhone.Build.0 = Release|Any CPU
		{BB799DB7-D14D-4F23-BD8D-AAD604382A08}.AppStore|iPhoneSimulator.ActiveCfg = Release|Any CPU
		{BB799DB7-D14D-4F23-BD8D-AAD604382A08}.AppStore|iPhoneSimulator.Build.0 = Release|Any CPU
		{BB799DB7-D14D-4F23-BD8D-AAD604382A08}.AppStore|x64.ActiveCfg = Release|Any CPU
		{BB799DB7-D14D-4F23-BD8D-AAD604382A08}.AppStore|x64.Build.0 = Release|Any CPU
		{BB799DB7-D14D-4F23-BD8D-AAD604382A08}.AppStore|x86.ActiveCfg = Release|Any CPU
		{BB799DB7-D14D-4F23-BD8D-AAD604382A08}.AppStore|x86.Build.0 = Release|Any CPU
		{BB799DB7-D14D-4F23-BD8D-AAD604382A08}.Debug|Any CPU.ActiveCfg = Debug|Any CPU
		{BB799DB7-D14D-4F23-BD8D-AAD604382A08}.Debug|ARM.ActiveCfg = Debug|Any CPU
		{BB799DB7-D14D-4F23-BD8D-AAD604382A08}.Debug|iPhone.ActiveCfg = Debug|Any CPU
		{BB799DB7-D14D-4F23-BD8D-AAD604382A08}.Debug|iPhone.Build.0 = Debug|Any CPU
		{BB799DB7-D14D-4F23-BD8D-AAD604382A08}.Debug|iPhoneSimulator.ActiveCfg = Debug|Any CPU
		{BB799DB7-D14D-4F23-BD8D-AAD604382A08}.Debug|iPhoneSimulator.Build.0 = Debug|Any CPU
		{BB799DB7-D14D-4F23-BD8D-AAD604382A08}.Debug|x64.ActiveCfg = Debug|Any CPU
		{BB799DB7-D14D-4F23-BD8D-AAD604382A08}.Debug|x86.ActiveCfg = Debug|Any CPU
		{BB799DB7-D14D-4F23-BD8D-AAD604382A08}.Release|Any CPU.ActiveCfg = Release|Any CPU
		{BB799DB7-D14D-4F23-BD8D-AAD604382A08}.Release|Any CPU.Build.0 = Release|Any CPU
		{BB799DB7-D14D-4F23-BD8D-AAD604382A08}.Release|ARM.ActiveCfg = Release|Any CPU
		{BB799DB7-D14D-4F23-BD8D-AAD604382A08}.Release|ARM.Build.0 = Release|Any CPU
		{BB799DB7-D14D-4F23-BD8D-AAD604382A08}.Release|iPhone.ActiveCfg = Release|Any CPU
		{BB799DB7-D14D-4F23-BD8D-AAD604382A08}.Release|iPhone.Build.0 = Release|Any CPU
		{BB799DB7-D14D-4F23-BD8D-AAD604382A08}.Release|iPhoneSimulator.ActiveCfg = Release|Any CPU
		{BB799DB7-D14D-4F23-BD8D-AAD604382A08}.Release|iPhoneSimulator.Build.0 = Release|Any CPU
		{BB799DB7-D14D-4F23-BD8D-AAD604382A08}.Release|x64.ActiveCfg = Release|Any CPU
		{BB799DB7-D14D-4F23-BD8D-AAD604382A08}.Release|x64.Build.0 = Release|Any CPU
		{BB799DB7-D14D-4F23-BD8D-AAD604382A08}.Release|x86.ActiveCfg = Release|Any CPU
		{BB799DB7-D14D-4F23-BD8D-AAD604382A08}.Release|x86.Build.0 = Release|Any CPU
		{4E1DFA5B-2147-40C3-BC37-CC5E879BED9A}.Ad-Hoc|Any CPU.ActiveCfg = Release|Any CPU
		{4E1DFA5B-2147-40C3-BC37-CC5E879BED9A}.Ad-Hoc|Any CPU.Build.0 = Release|Any CPU
		{4E1DFA5B-2147-40C3-BC37-CC5E879BED9A}.Ad-Hoc|ARM.ActiveCfg = Release|Any CPU
		{4E1DFA5B-2147-40C3-BC37-CC5E879BED9A}.Ad-Hoc|ARM.Build.0 = Release|Any CPU
		{4E1DFA5B-2147-40C3-BC37-CC5E879BED9A}.Ad-Hoc|iPhone.ActiveCfg = Release|Any CPU
		{4E1DFA5B-2147-40C3-BC37-CC5E879BED9A}.Ad-Hoc|iPhone.Build.0 = Release|Any CPU
		{4E1DFA5B-2147-40C3-BC37-CC5E879BED9A}.Ad-Hoc|iPhoneSimulator.ActiveCfg = Release|Any CPU
		{4E1DFA5B-2147-40C3-BC37-CC5E879BED9A}.Ad-Hoc|iPhoneSimulator.Build.0 = Release|Any CPU
		{4E1DFA5B-2147-40C3-BC37-CC5E879BED9A}.Ad-Hoc|x64.ActiveCfg = Release|Any CPU
		{4E1DFA5B-2147-40C3-BC37-CC5E879BED9A}.Ad-Hoc|x64.Build.0 = Release|Any CPU
		{4E1DFA5B-2147-40C3-BC37-CC5E879BED9A}.Ad-Hoc|x86.ActiveCfg = Release|Any CPU
		{4E1DFA5B-2147-40C3-BC37-CC5E879BED9A}.Ad-Hoc|x86.Build.0 = Release|Any CPU
		{4E1DFA5B-2147-40C3-BC37-CC5E879BED9A}.AppStore|Any CPU.ActiveCfg = Release|Any CPU
		{4E1DFA5B-2147-40C3-BC37-CC5E879BED9A}.AppStore|Any CPU.Build.0 = Release|Any CPU
		{4E1DFA5B-2147-40C3-BC37-CC5E879BED9A}.AppStore|ARM.ActiveCfg = Release|Any CPU
		{4E1DFA5B-2147-40C3-BC37-CC5E879BED9A}.AppStore|ARM.Build.0 = Release|Any CPU
		{4E1DFA5B-2147-40C3-BC37-CC5E879BED9A}.AppStore|iPhone.ActiveCfg = Release|Any CPU
		{4E1DFA5B-2147-40C3-BC37-CC5E879BED9A}.AppStore|iPhone.Build.0 = Release|Any CPU
		{4E1DFA5B-2147-40C3-BC37-CC5E879BED9A}.AppStore|iPhoneSimulator.ActiveCfg = Release|Any CPU
		{4E1DFA5B-2147-40C3-BC37-CC5E879BED9A}.AppStore|iPhoneSimulator.Build.0 = Release|Any CPU
		{4E1DFA5B-2147-40C3-BC37-CC5E879BED9A}.AppStore|x64.ActiveCfg = Release|Any CPU
		{4E1DFA5B-2147-40C3-BC37-CC5E879BED9A}.AppStore|x64.Build.0 = Release|Any CPU
		{4E1DFA5B-2147-40C3-BC37-CC5E879BED9A}.AppStore|x86.ActiveCfg = Release|Any CPU
		{4E1DFA5B-2147-40C3-BC37-CC5E879BED9A}.AppStore|x86.Build.0 = Release|Any CPU
		{4E1DFA5B-2147-40C3-BC37-CC5E879BED9A}.Debug|Any CPU.ActiveCfg = Debug|Any CPU
		{4E1DFA5B-2147-40C3-BC37-CC5E879BED9A}.Debug|Any CPU.Build.0 = Debug|Any CPU
		{4E1DFA5B-2147-40C3-BC37-CC5E879BED9A}.Debug|ARM.ActiveCfg = Debug|Any CPU
		{4E1DFA5B-2147-40C3-BC37-CC5E879BED9A}.Debug|ARM.Build.0 = Debug|Any CPU
		{4E1DFA5B-2147-40C3-BC37-CC5E879BED9A}.Debug|iPhone.ActiveCfg = Debug|Any CPU
		{4E1DFA5B-2147-40C3-BC37-CC5E879BED9A}.Debug|iPhone.Build.0 = Debug|Any CPU
		{4E1DFA5B-2147-40C3-BC37-CC5E879BED9A}.Debug|iPhoneSimulator.ActiveCfg = Debug|Any CPU
		{4E1DFA5B-2147-40C3-BC37-CC5E879BED9A}.Debug|iPhoneSimulator.Build.0 = Debug|Any CPU
		{4E1DFA5B-2147-40C3-BC37-CC5E879BED9A}.Debug|x64.ActiveCfg = Debug|Any CPU
		{4E1DFA5B-2147-40C3-BC37-CC5E879BED9A}.Debug|x64.Build.0 = Debug|Any CPU
		{4E1DFA5B-2147-40C3-BC37-CC5E879BED9A}.Debug|x86.ActiveCfg = Debug|Any CPU
		{4E1DFA5B-2147-40C3-BC37-CC5E879BED9A}.Debug|x86.Build.0 = Debug|Any CPU
		{4E1DFA5B-2147-40C3-BC37-CC5E879BED9A}.Release|Any CPU.ActiveCfg = Release|Any CPU
		{4E1DFA5B-2147-40C3-BC37-CC5E879BED9A}.Release|Any CPU.Build.0 = Release|Any CPU
		{4E1DFA5B-2147-40C3-BC37-CC5E879BED9A}.Release|ARM.ActiveCfg = Release|Any CPU
		{4E1DFA5B-2147-40C3-BC37-CC5E879BED9A}.Release|ARM.Build.0 = Release|Any CPU
		{4E1DFA5B-2147-40C3-BC37-CC5E879BED9A}.Release|iPhone.ActiveCfg = Release|Any CPU
		{4E1DFA5B-2147-40C3-BC37-CC5E879BED9A}.Release|iPhone.Build.0 = Release|Any CPU
		{4E1DFA5B-2147-40C3-BC37-CC5E879BED9A}.Release|iPhoneSimulator.ActiveCfg = Release|Any CPU
		{4E1DFA5B-2147-40C3-BC37-CC5E879BED9A}.Release|iPhoneSimulator.Build.0 = Release|Any CPU
		{4E1DFA5B-2147-40C3-BC37-CC5E879BED9A}.Release|x64.ActiveCfg = Release|Any CPU
		{4E1DFA5B-2147-40C3-BC37-CC5E879BED9A}.Release|x64.Build.0 = Release|Any CPU
		{4E1DFA5B-2147-40C3-BC37-CC5E879BED9A}.Release|x86.ActiveCfg = Release|Any CPU
		{4E1DFA5B-2147-40C3-BC37-CC5E879BED9A}.Release|x86.Build.0 = Release|Any CPU
		{BC042610-FD46-4B2F-A5DC-7E9660428029}.Ad-Hoc|Any CPU.ActiveCfg = Debug|Any CPU
		{BC042610-FD46-4B2F-A5DC-7E9660428029}.Ad-Hoc|Any CPU.Build.0 = Debug|Any CPU
		{BC042610-FD46-4B2F-A5DC-7E9660428029}.Ad-Hoc|ARM.ActiveCfg = Debug|Any CPU
		{BC042610-FD46-4B2F-A5DC-7E9660428029}.Ad-Hoc|ARM.Build.0 = Debug|Any CPU
		{BC042610-FD46-4B2F-A5DC-7E9660428029}.Ad-Hoc|iPhone.ActiveCfg = Debug|Any CPU
		{BC042610-FD46-4B2F-A5DC-7E9660428029}.Ad-Hoc|iPhone.Build.0 = Debug|Any CPU
		{BC042610-FD46-4B2F-A5DC-7E9660428029}.Ad-Hoc|iPhoneSimulator.ActiveCfg = Debug|Any CPU
		{BC042610-FD46-4B2F-A5DC-7E9660428029}.Ad-Hoc|iPhoneSimulator.Build.0 = Debug|Any CPU
		{BC042610-FD46-4B2F-A5DC-7E9660428029}.Ad-Hoc|x64.ActiveCfg = Debug|Any CPU
		{BC042610-FD46-4B2F-A5DC-7E9660428029}.Ad-Hoc|x64.Build.0 = Debug|Any CPU
		{BC042610-FD46-4B2F-A5DC-7E9660428029}.Ad-Hoc|x86.ActiveCfg = Debug|Any CPU
		{BC042610-FD46-4B2F-A5DC-7E9660428029}.Ad-Hoc|x86.Build.0 = Debug|Any CPU
		{BC042610-FD46-4B2F-A5DC-7E9660428029}.AppStore|Any CPU.ActiveCfg = Debug|Any CPU
		{BC042610-FD46-4B2F-A5DC-7E9660428029}.AppStore|Any CPU.Build.0 = Debug|Any CPU
		{BC042610-FD46-4B2F-A5DC-7E9660428029}.AppStore|ARM.ActiveCfg = Debug|Any CPU
		{BC042610-FD46-4B2F-A5DC-7E9660428029}.AppStore|ARM.Build.0 = Debug|Any CPU
		{BC042610-FD46-4B2F-A5DC-7E9660428029}.AppStore|iPhone.ActiveCfg = Debug|Any CPU
		{BC042610-FD46-4B2F-A5DC-7E9660428029}.AppStore|iPhone.Build.0 = Debug|Any CPU
		{BC042610-FD46-4B2F-A5DC-7E9660428029}.AppStore|iPhoneSimulator.ActiveCfg = Debug|Any CPU
		{BC042610-FD46-4B2F-A5DC-7E9660428029}.AppStore|iPhoneSimulator.Build.0 = Debug|Any CPU
		{BC042610-FD46-4B2F-A5DC-7E9660428029}.AppStore|x64.ActiveCfg = Debug|Any CPU
		{BC042610-FD46-4B2F-A5DC-7E9660428029}.AppStore|x64.Build.0 = Debug|Any CPU
		{BC042610-FD46-4B2F-A5DC-7E9660428029}.AppStore|x86.ActiveCfg = Debug|Any CPU
		{BC042610-FD46-4B2F-A5DC-7E9660428029}.AppStore|x86.Build.0 = Debug|Any CPU
		{BC042610-FD46-4B2F-A5DC-7E9660428029}.Debug|Any CPU.ActiveCfg = Debug|Any CPU
		{BC042610-FD46-4B2F-A5DC-7E9660428029}.Debug|Any CPU.Build.0 = Debug|Any CPU
		{BC042610-FD46-4B2F-A5DC-7E9660428029}.Debug|ARM.ActiveCfg = Debug|Any CPU
		{BC042610-FD46-4B2F-A5DC-7E9660428029}.Debug|ARM.Build.0 = Debug|Any CPU
		{BC042610-FD46-4B2F-A5DC-7E9660428029}.Debug|iPhone.ActiveCfg = Debug|Any CPU
		{BC042610-FD46-4B2F-A5DC-7E9660428029}.Debug|iPhone.Build.0 = Debug|Any CPU
		{BC042610-FD46-4B2F-A5DC-7E9660428029}.Debug|iPhoneSimulator.ActiveCfg = Debug|Any CPU
		{BC042610-FD46-4B2F-A5DC-7E9660428029}.Debug|iPhoneSimulator.Build.0 = Debug|Any CPU
		{BC042610-FD46-4B2F-A5DC-7E9660428029}.Debug|x64.ActiveCfg = Debug|Any CPU
		{BC042610-FD46-4B2F-A5DC-7E9660428029}.Debug|x64.Build.0 = Debug|Any CPU
		{BC042610-FD46-4B2F-A5DC-7E9660428029}.Debug|x86.ActiveCfg = Debug|Any CPU
		{BC042610-FD46-4B2F-A5DC-7E9660428029}.Debug|x86.Build.0 = Debug|Any CPU
		{BC042610-FD46-4B2F-A5DC-7E9660428029}.Release|Any CPU.ActiveCfg = Release|Any CPU
		{BC042610-FD46-4B2F-A5DC-7E9660428029}.Release|Any CPU.Build.0 = Release|Any CPU
		{BC042610-FD46-4B2F-A5DC-7E9660428029}.Release|ARM.ActiveCfg = Release|Any CPU
		{BC042610-FD46-4B2F-A5DC-7E9660428029}.Release|ARM.Build.0 = Release|Any CPU
		{BC042610-FD46-4B2F-A5DC-7E9660428029}.Release|iPhone.ActiveCfg = Release|Any CPU
		{BC042610-FD46-4B2F-A5DC-7E9660428029}.Release|iPhone.Build.0 = Release|Any CPU
		{BC042610-FD46-4B2F-A5DC-7E9660428029}.Release|iPhoneSimulator.ActiveCfg = Release|Any CPU
		{BC042610-FD46-4B2F-A5DC-7E9660428029}.Release|iPhoneSimulator.Build.0 = Release|Any CPU
		{BC042610-FD46-4B2F-A5DC-7E9660428029}.Release|x64.ActiveCfg = Release|Any CPU
		{BC042610-FD46-4B2F-A5DC-7E9660428029}.Release|x64.Build.0 = Release|Any CPU
		{BC042610-FD46-4B2F-A5DC-7E9660428029}.Release|x86.ActiveCfg = Release|Any CPU
		{BC042610-FD46-4B2F-A5DC-7E9660428029}.Release|x86.Build.0 = Release|Any CPU
		{5EE32D28-ABF7-462D-A8B2-5EA14DED6762}.Ad-Hoc|Any CPU.ActiveCfg = Debug|Any CPU
		{5EE32D28-ABF7-462D-A8B2-5EA14DED6762}.Ad-Hoc|Any CPU.Build.0 = Debug|Any CPU
		{5EE32D28-ABF7-462D-A8B2-5EA14DED6762}.Ad-Hoc|ARM.ActiveCfg = Debug|Any CPU
		{5EE32D28-ABF7-462D-A8B2-5EA14DED6762}.Ad-Hoc|ARM.Build.0 = Debug|Any CPU
		{5EE32D28-ABF7-462D-A8B2-5EA14DED6762}.Ad-Hoc|iPhone.ActiveCfg = Debug|Any CPU
		{5EE32D28-ABF7-462D-A8B2-5EA14DED6762}.Ad-Hoc|iPhone.Build.0 = Debug|Any CPU
		{5EE32D28-ABF7-462D-A8B2-5EA14DED6762}.Ad-Hoc|iPhoneSimulator.ActiveCfg = Debug|Any CPU
		{5EE32D28-ABF7-462D-A8B2-5EA14DED6762}.Ad-Hoc|iPhoneSimulator.Build.0 = Debug|Any CPU
		{5EE32D28-ABF7-462D-A8B2-5EA14DED6762}.Ad-Hoc|x64.ActiveCfg = Debug|Any CPU
		{5EE32D28-ABF7-462D-A8B2-5EA14DED6762}.Ad-Hoc|x64.Build.0 = Debug|Any CPU
		{5EE32D28-ABF7-462D-A8B2-5EA14DED6762}.Ad-Hoc|x86.ActiveCfg = Debug|Any CPU
		{5EE32D28-ABF7-462D-A8B2-5EA14DED6762}.Ad-Hoc|x86.Build.0 = Debug|Any CPU
		{5EE32D28-ABF7-462D-A8B2-5EA14DED6762}.AppStore|Any CPU.ActiveCfg = Debug|Any CPU
		{5EE32D28-ABF7-462D-A8B2-5EA14DED6762}.AppStore|Any CPU.Build.0 = Debug|Any CPU
		{5EE32D28-ABF7-462D-A8B2-5EA14DED6762}.AppStore|ARM.ActiveCfg = Debug|Any CPU
		{5EE32D28-ABF7-462D-A8B2-5EA14DED6762}.AppStore|ARM.Build.0 = Debug|Any CPU
		{5EE32D28-ABF7-462D-A8B2-5EA14DED6762}.AppStore|iPhone.ActiveCfg = Debug|Any CPU
		{5EE32D28-ABF7-462D-A8B2-5EA14DED6762}.AppStore|iPhone.Build.0 = Debug|Any CPU
		{5EE32D28-ABF7-462D-A8B2-5EA14DED6762}.AppStore|iPhoneSimulator.ActiveCfg = Debug|Any CPU
		{5EE32D28-ABF7-462D-A8B2-5EA14DED6762}.AppStore|iPhoneSimulator.Build.0 = Debug|Any CPU
		{5EE32D28-ABF7-462D-A8B2-5EA14DED6762}.AppStore|x64.ActiveCfg = Debug|Any CPU
		{5EE32D28-ABF7-462D-A8B2-5EA14DED6762}.AppStore|x64.Build.0 = Debug|Any CPU
		{5EE32D28-ABF7-462D-A8B2-5EA14DED6762}.AppStore|x86.ActiveCfg = Debug|Any CPU
		{5EE32D28-ABF7-462D-A8B2-5EA14DED6762}.AppStore|x86.Build.0 = Debug|Any CPU
		{5EE32D28-ABF7-462D-A8B2-5EA14DED6762}.Debug|Any CPU.ActiveCfg = Debug|Any CPU
		{5EE32D28-ABF7-462D-A8B2-5EA14DED6762}.Debug|Any CPU.Build.0 = Debug|Any CPU
		{5EE32D28-ABF7-462D-A8B2-5EA14DED6762}.Debug|ARM.ActiveCfg = Debug|Any CPU
		{5EE32D28-ABF7-462D-A8B2-5EA14DED6762}.Debug|ARM.Build.0 = Debug|Any CPU
		{5EE32D28-ABF7-462D-A8B2-5EA14DED6762}.Debug|iPhone.ActiveCfg = Debug|Any CPU
		{5EE32D28-ABF7-462D-A8B2-5EA14DED6762}.Debug|iPhone.Build.0 = Debug|Any CPU
		{5EE32D28-ABF7-462D-A8B2-5EA14DED6762}.Debug|iPhoneSimulator.ActiveCfg = Debug|Any CPU
		{5EE32D28-ABF7-462D-A8B2-5EA14DED6762}.Debug|iPhoneSimulator.Build.0 = Debug|Any CPU
		{5EE32D28-ABF7-462D-A8B2-5EA14DED6762}.Debug|x64.ActiveCfg = Debug|Any CPU
		{5EE32D28-ABF7-462D-A8B2-5EA14DED6762}.Debug|x64.Build.0 = Debug|Any CPU
		{5EE32D28-ABF7-462D-A8B2-5EA14DED6762}.Debug|x86.ActiveCfg = Debug|Any CPU
		{5EE32D28-ABF7-462D-A8B2-5EA14DED6762}.Debug|x86.Build.0 = Debug|Any CPU
		{5EE32D28-ABF7-462D-A8B2-5EA14DED6762}.Release|Any CPU.ActiveCfg = Release|Any CPU
		{5EE32D28-ABF7-462D-A8B2-5EA14DED6762}.Release|Any CPU.Build.0 = Release|Any CPU
		{5EE32D28-ABF7-462D-A8B2-5EA14DED6762}.Release|ARM.ActiveCfg = Release|Any CPU
		{5EE32D28-ABF7-462D-A8B2-5EA14DED6762}.Release|ARM.Build.0 = Release|Any CPU
		{5EE32D28-ABF7-462D-A8B2-5EA14DED6762}.Release|iPhone.ActiveCfg = Release|Any CPU
		{5EE32D28-ABF7-462D-A8B2-5EA14DED6762}.Release|iPhone.Build.0 = Release|Any CPU
		{5EE32D28-ABF7-462D-A8B2-5EA14DED6762}.Release|iPhoneSimulator.ActiveCfg = Release|Any CPU
		{5EE32D28-ABF7-462D-A8B2-5EA14DED6762}.Release|iPhoneSimulator.Build.0 = Release|Any CPU
		{5EE32D28-ABF7-462D-A8B2-5EA14DED6762}.Release|x64.ActiveCfg = Release|Any CPU
		{5EE32D28-ABF7-462D-A8B2-5EA14DED6762}.Release|x64.Build.0 = Release|Any CPU
		{5EE32D28-ABF7-462D-A8B2-5EA14DED6762}.Release|x86.ActiveCfg = Release|Any CPU
		{5EE32D28-ABF7-462D-A8B2-5EA14DED6762}.Release|x86.Build.0 = Release|Any CPU
	EndGlobalSection
	GlobalSection(SolutionProperties) = preSolution
		HideSolutionNode = FALSE
	EndGlobalSection
	GlobalSection(NestedProjects) = preSolution
		{2CE7418B-B8FD-4271-AB90-3045532D7089} = {AE5515C4-8262-49BE-9AC1-9AE669480548}
		{01B5CFBC-1341-43F7-BABB-C18FE39053B8} = {AE5515C4-8262-49BE-9AC1-9AE669480548}
		{BB799DB7-D14D-4F23-BD8D-AAD604382A08} = {AE5515C4-8262-49BE-9AC1-9AE669480548}
		{4E1DFA5B-2147-40C3-BC37-CC5E879BED9A} = {AE5515C4-8262-49BE-9AC1-9AE669480548}
		{0F81BA4F-9C52-47EB-B35A-031492A355C3} = {AE5515C4-8262-49BE-9AC1-9AE669480548}
		{BC042610-FD46-4B2F-A5DC-7E9660428029} = {AE5515C4-8262-49BE-9AC1-9AE669480548}
	EndGlobalSection
	GlobalSection(MonoDevelopProperties) = preSolution
		version = 2.0.0
	EndGlobalSection
EndGlobal
